
Microsoft Visual Studio Solution File, Format Version 12.00
# Visual Studio Version 17
VisualStudioVersion = 17.5.002.0
MinimumVisualStudioVersion = 10.0.40219.1
Project("{9A19103F-16F7-4668-BE54-9A1E7A4F7556}") = "Milhas-Bumerangue", "Milhas-Bumerangue.csproj", "{9C5A660A-7D65-4C93-8C81-E1B2D5EF4C05}"
EndProject
Global
	GlobalSection(SolutionConfigurationPlatforms) = preSolution
		Debug|Any CPU = Debug|Any CPU
		Release|Any CPU = Release|Any CPU
	EndGlobalSection
	GlobalSection(ProjectConfigurationPlatforms) = postSolution
		{9C5A660A-7D65-4C93-8C81-E1B2D5EF4C05}.Debug|Any CPU.ActiveCfg = Debug|Any CPU
		{9C5A660A-7D65-4C93-8C81-E1B2D5EF4C05}.Debug|Any CPU.Build.0 = Debug|Any CPU
		{9C5A660A-7D65-4C93-8C81-E1B2D5EF4C05}.Release|Any CPU.ActiveCfg = Release|Any CPU
		{9C5A660A-7D65-4C93-8C81-E1B2D5EF4C05}.Release|Any CPU.Build.0 = Release|Any CPU
	EndGlobalSection
	GlobalSection(SolutionProperties) = preSolution
		HideSolutionNode = FALSE
	EndGlobalSection
	GlobalSection(ExtensibilityGlobals) = postSolution
		SolutionGuid = {5D911BB0-BF52-4B23-8D21-92E8A86B8068}
	EndGlobalSection
EndGlobal
